
Microsoft Visual Studio Solution File, Format Version 12.00
# Visual Studio 15
VisualStudioVersion = 15.0.27428.2027
MinimumVisualStudioVersion = 10.0.40219.1
Project("{FAE04EC0-301F-11D3-BF4B-00C04F79EFBC}") = "ExcelOperator", "ExcelOperator\ExcelOperator.csproj", "{35AC3668-8F8D-44E0-93CD-BC5BBD6E192E}"
EndProject
Project("{FAE04EC0-301F-11D3-BF4B-00C04F79EFBC}") = "ToolsTest", "ToolsTest\ToolsTest.csproj", "{4ACD49E0-FFD4-4101-9842-34B80B2A4F03}"
EndProject
Project("{9A19103F-16F7-4668-BE54-9A1E7A4F7556}") = "EasyQuartz", "EasyQuartz\EasyQuartz.csproj", "{6B34D82A-634B-4213-92DF-D2C5CCA5A831}"
EndProject
Project("{FAE04EC0-301F-11D3-BF4B-00C04F79EFBC}") = "MultipartParser", "MultipartParser\MultipartParser.csproj", "{ABD592AB-D34D-40F1-B2B4-052AE0E36657}"
EndProject
Project("{FAE04EC0-301F-11D3-BF4B-00C04F79EFBC}") = "FileExtractor", "FileExtractor\FileExtractor.csproj", "{C083A662-DC3F-4DB7-B26F-0AEE0AD4E4F8}"
EndProject
Global
	GlobalSection(SolutionConfigurationPlatforms) = preSolution
		Debug|Any CPU = Debug|Any CPU
		Release|Any CPU = Release|Any CPU
	EndGlobalSection
	GlobalSection(ProjectConfigurationPlatforms) = postSolution
		{35AC3668-8F8D-44E0-93CD-BC5BBD6E192E}.Debug|Any CPU.ActiveCfg = Debug|Any CPU
		{35AC3668-8F8D-44E0-93CD-BC5BBD6E192E}.Debug|Any CPU.Build.0 = Debug|Any CPU
		{35AC3668-8F8D-44E0-93CD-BC5BBD6E192E}.Release|Any CPU.ActiveCfg = Release|Any CPU
		{35AC3668-8F8D-44E0-93CD-BC5BBD6E192E}.Release|Any CPU.Build.0 = Release|Any CPU
		{4ACD49E0-FFD4-4101-9842-34B80B2A4F03}.Debug|Any CPU.ActiveCfg = Debug|Any CPU
		{4ACD49E0-FFD4-4101-9842-34B80B2A4F03}.Debug|Any CPU.Build.0 = Debug|Any CPU
		{4ACD49E0-FFD4-4101-9842-34B80B2A4F03}.Release|Any CPU.ActiveCfg = Release|Any CPU
		{4ACD49E0-FFD4-4101-9842-34B80B2A4F03}.Release|Any CPU.Build.0 = Release|Any CPU
		{6B34D82A-634B-4213-92DF-D2C5CCA5A831}.Debug|Any CPU.ActiveCfg = Debug|Any CPU
		{6B34D82A-634B-4213-92DF-D2C5CCA5A831}.Debug|Any CPU.Build.0 = Debug|Any CPU
		{6B34D82A-634B-4213-92DF-D2C5CCA5A831}.Release|Any CPU.ActiveCfg = Release|Any CPU
		{6B34D82A-634B-4213-92DF-D2C5CCA5A831}.Release|Any CPU.Build.0 = Release|Any CPU
		{ABD592AB-D34D-40F1-B2B4-052AE0E36657}.Debug|Any CPU.ActiveCfg = Debug|Any CPU
		{ABD592AB-D34D-40F1-B2B4-052AE0E36657}.Debug|Any CPU.Build.0 = Debug|Any CPU
		{ABD592AB-D34D-40F1-B2B4-052AE0E36657}.Release|Any CPU.ActiveCfg = Release|Any CPU
		{ABD592AB-D34D-40F1-B2B4-052AE0E36657}.Release|Any CPU.Build.0 = Release|Any CPU
		{C083A662-DC3F-4DB7-B26F-0AEE0AD4E4F8}.Debug|Any CPU.ActiveCfg = Debug|Any CPU
		{C083A662-DC3F-4DB7-B26F-0AEE0AD4E4F8}.Debug|Any CPU.Build.0 = Debug|Any CPU
		{C083A662-DC3F-4DB7-B26F-0AEE0AD4E4F8}.Release|Any CPU.ActiveCfg = Release|Any CPU
		{C083A662-DC3F-4DB7-B26F-0AEE0AD4E4F8}.Release|Any CPU.Build.0 = Release|Any CPU
	EndGlobalSection
	GlobalSection(SolutionProperties) = preSolution
		HideSolutionNode = FALSE
	EndGlobalSection
	GlobalSection(ExtensibilityGlobals) = postSolution
		SolutionGuid = {82D90C59-E841-4D7D-AACF-1F5A56136FC0}
	EndGlobalSection
EndGlobal
